
Microsoft Visual Studio Solution File, Format Version 12.00
# Visual Studio Version 17
VisualStudioVersion = 17.9.34902.65
MinimumVisualStudioVersion = 10.0.40219.1
Project("{FAE04EC0-301F-11D3-BF4B-00C04F79EFBC}") = "ContainerWebApi", "ContainerWebApi.csproj", "{24F9DC57-5FB1-48D1-8AA8-3BEB48B33038}"
EndProject
Global
	GlobalSection(SolutionConfigurationPlatforms) = preSolution
		Debug|Any CPU = Debug|Any CPU
		Release|Any CPU = Release|Any CPU
	EndGlobalSection
	GlobalSection(ProjectConfigurationPlatforms) = postSolution
		{24F9DC57-5FB1-48D1-8AA8-3BEB48B33038}.Debug|Any CPU.ActiveCfg = Debug|Any CPU
		{24F9DC57-5FB1-48D1-8AA8-3BEB48B33038}.Debug|Any CPU.Build.0 = Debug|Any CPU
		{24F9DC57-5FB1-48D1-8AA8-3BEB48B33038}.Release|Any CPU.ActiveCfg = Release|Any CPU
		{24F9DC57-5FB1-48D1-8AA8-3BEB48B33038}.Release|Any CPU.Build.0 = Release|Any CPU
	EndGlobalSection
	GlobalSection(SolutionProperties) = preSolution
		HideSolutionNode = FALSE
	EndGlobalSection
	GlobalSection(ExtensibilityGlobals) = postSolution
		SolutionGuid = {2195B4F1-FD34-49E8-A728-8F2AA3C18CE3}
	EndGlobalSection
EndGlobal
